
Microsoft Visual Studio Solution File, Format Version 12.00
# Visual Studio Version 17
VisualStudioVersion = 17.5.002.0
MinimumVisualStudioVersion = 10.0.40219.1
Project("{9A19103F-16F7-4668-BE54-9A1E7A4F7556}") = "PostulacionDocente", "PostulacionDocente.csproj", "{42DB7DE6-0E61-474B-A7DC-BB8D6ADD6F17}"
EndProject
Project("{FAE04EC0-301F-11D3-BF4B-00C04F79EFBC}") = "AppTest", "..\AppTest\AppTest.csproj", "{26F18972-496A-4CFB-BAB5-E3D84763B2CA}"
EndProject
Global
	GlobalSection(SolutionConfigurationPlatforms) = preSolution
		Debug|Any CPU = Debug|Any CPU
		Release|Any CPU = Release|Any CPU
	EndGlobalSection
	GlobalSection(ProjectConfigurationPlatforms) = postSolution
		{42DB7DE6-0E61-474B-A7DC-BB8D6ADD6F17}.Debug|Any CPU.ActiveCfg = Debug|Any CPU
		{42DB7DE6-0E61-474B-A7DC-BB8D6ADD6F17}.Debug|Any CPU.Build.0 = Debug|Any CPU
		{42DB7DE6-0E61-474B-A7DC-BB8D6ADD6F17}.Release|Any CPU.ActiveCfg = Release|Any CPU
		{42DB7DE6-0E61-474B-A7DC-BB8D6ADD6F17}.Release|Any CPU.Build.0 = Release|Any CPU
		{26F18972-496A-4CFB-BAB5-E3D84763B2CA}.Debug|Any CPU.ActiveCfg = Debug|Any CPU
		{26F18972-496A-4CFB-BAB5-E3D84763B2CA}.Debug|Any CPU.Build.0 = Debug|Any CPU
		{26F18972-496A-4CFB-BAB5-E3D84763B2CA}.Release|Any CPU.ActiveCfg = Release|Any CPU
		{26F18972-496A-4CFB-BAB5-E3D84763B2CA}.Release|Any CPU.Build.0 = Release|Any CPU
	EndGlobalSection
	GlobalSection(SolutionProperties) = preSolution
		HideSolutionNode = FALSE
	EndGlobalSection
	GlobalSection(ExtensibilityGlobals) = postSolution
		SolutionGuid = {0327AED7-B794-45E0-8E3E-E0C983F55E0C}
	EndGlobalSection
EndGlobal
